
Microsoft Visual Studio Solution File, Format Version 12.00
# Visual Studio 15
VisualStudioVersion = 15.0.27703.2000
MinimumVisualStudioVersion = 10.0.40219.1
Project("{8BC9CEB8-8B4A-11D0-8D11-00A0C91BC942}") = "si4", "si4\si4.vcxproj", "{5609AAD5-8761-4D37-B799-597A147193C3}"
EndProject
Global
	GlobalSection(SolutionConfigurationPlatforms) = preSolution
		Debug|x64 = Debug|x64
		Debug|x86 = Debug|x86
		Release|x64 = Release|x64
		Release|x86 = Release|x86
	EndGlobalSection
	GlobalSection(ProjectConfigurationPlatforms) = postSolution
		{5609AAD5-8761-4D37-B799-597A147193C3}.Debug|x64.ActiveCfg = Debug|x64
		{5609AAD5-8761-4D37-B799-597A147193C3}.Debug|x64.Build.0 = Debug|x64
		{5609AAD5-8761-4D37-B799-597A147193C3}.Debug|x86.ActiveCfg = Debug|Win32
		{5609AAD5-8761-4D37-B799-597A147193C3}.Debug|x86.Build.0 = Debug|Win32
		{5609AAD5-8761-4D37-B799-597A147193C3}.Release|x64.ActiveCfg = Release|x64
		{5609AAD5-8761-4D37-B799-597A147193C3}.Release|x64.Build.0 = Release|x64
		{5609AAD5-8761-4D37-B799-597A147193C3}.Release|x86.ActiveCfg = Release|Win32
		{5609AAD5-8761-4D37-B799-597A147193C3}.Release|x86.Build.0 = Release|Win32
	EndGlobalSection
	GlobalSection(SolutionProperties) = preSolution
		HideSolutionNode = FALSE
	EndGlobalSection
	GlobalSection(ExtensibilityGlobals) = postSolution
		SolutionGuid = {BD822C33-BF14-4FC6-A3A3-6DE88664E966}
	EndGlobalSection
EndGlobal
